
Microsoft Visual Studio Solution File, Format Version 12.00
# Visual Studio Version 17
VisualStudioVersion = 17.0.31919.166
MinimumVisualStudioVersion = 10.0.40219.1
Project("{9A19103F-16F7-4668-BE54-9A1E7A4F7556}") = "Ue4Export", "Ue4Export\Ue4Export.csproj", "{20DF61F1-ACCC-4200-ABA4-B5F2A7967A31}"
EndProject
Project("{9A19103F-16F7-4668-BE54-9A1E7A4F7556}") = "CUE4Parse", "CUE4Parse\CUE4Parse\CUE4Parse.csproj", "{704783F0-0348-4F91-945E-AC9CF03DAEFD}"
EndProject
Project("{9A19103F-16F7-4668-BE54-9A1E7A4F7556}") = "CUE4Parse-Conversion", "CUE4Parse\CUE4Parse-Conversion\CUE4Parse-Conversion.csproj", "{949C0A63-0FA8-426D-AEF5-16B8A5E843C3}"
EndProject
Global
	GlobalSection(SolutionConfigurationPlatforms) = preSolution
		Debug|Any CPU = Debug|Any CPU
		Debug|x64 = Debug|x64
		MinSizeRel|Any CPU = MinSizeRel|Any CPU
		MinSizeRel|x64 = MinSizeRel|x64
		Release|Any CPU = Release|Any CPU
		Release|x64 = Release|x64
		RelWithDebInfo|Any CPU = RelWithDebInfo|Any CPU
		RelWithDebInfo|x64 = RelWithDebInfo|x64
	EndGlobalSection
	GlobalSection(ProjectConfigurationPlatforms) = postSolution
		{20DF61F1-ACCC-4200-ABA4-B5F2A7967A31}.Debug|Any CPU.ActiveCfg = Debug|Any CPU
		{20DF61F1-ACCC-4200-ABA4-B5F2A7967A31}.Debug|Any CPU.Build.0 = Debug|Any CPU
		{20DF61F1-ACCC-4200-ABA4-B5F2A7967A31}.Debug|x64.ActiveCfg = Debug|x64
		{20DF61F1-ACCC-4200-ABA4-B5F2A7967A31}.Debug|x64.Build.0 = Debug|x64
		{20DF61F1-ACCC-4200-ABA4-B5F2A7967A31}.MinSizeRel|Any CPU.ActiveCfg = Release|Any CPU
		{20DF61F1-ACCC-4200-ABA4-B5F2A7967A31}.MinSizeRel|Any CPU.Build.0 = Release|Any CPU
		{20DF61F1-ACCC-4200-ABA4-B5F2A7967A31}.MinSizeRel|x64.ActiveCfg = Debug|x64
		{20DF61F1-ACCC-4200-ABA4-B5F2A7967A31}.MinSizeRel|x64.Build.0 = Debug|x64
		{20DF61F1-ACCC-4200-ABA4-B5F2A7967A31}.Release|Any CPU.ActiveCfg = Release|Any CPU
		{20DF61F1-ACCC-4200-ABA4-B5F2A7967A31}.Release|Any CPU.Build.0 = Release|Any CPU
		{20DF61F1-ACCC-4200-ABA4-B5F2A7967A31}.Release|x64.ActiveCfg = Release|x64
		{20DF61F1-ACCC-4200-ABA4-B5F2A7967A31}.Release|x64.Build.0 = Release|x64
		{20DF61F1-ACCC-4200-ABA4-B5F2A7967A31}.RelWithDebInfo|Any CPU.ActiveCfg = Release|Any CPU
		{20DF61F1-ACCC-4200-ABA4-B5F2A7967A31}.RelWithDebInfo|Any CPU.Build.0 = Release|Any CPU
		{20DF61F1-ACCC-4200-ABA4-B5F2A7967A31}.RelWithDebInfo|x64.ActiveCfg = Release|x64
		{20DF61F1-ACCC-4200-ABA4-B5F2A7967A31}.RelWithDebInfo|x64.Build.0 = Release|x64
		{704783F0-0348-4F91-945E-AC9CF03DAEFD}.Debug|Any CPU.ActiveCfg = Debug|Any CPU
		{704783F0-0348-4F91-945E-AC9CF03DAEFD}.Debug|Any CPU.Build.0 = Debug|Any CPU
		{704783F0-0348-4F91-945E-AC9CF03DAEFD}.Debug|x64.ActiveCfg = Debug|Any CPU
		{704783F0-0348-4F91-945E-AC9CF03DAEFD}.Debug|x64.Build.0 = Debug|Any CPU
		{704783F0-0348-4F91-945E-AC9CF03DAEFD}.MinSizeRel|Any CPU.ActiveCfg = Release|Any CPU
		{704783F0-0348-4F91-945E-AC9CF03DAEFD}.MinSizeRel|Any CPU.Build.0 = Release|Any CPU
		{704783F0-0348-4F91-945E-AC9CF03DAEFD}.MinSizeRel|x64.ActiveCfg = Debug|Any CPU
		{704783F0-0348-4F91-945E-AC9CF03DAEFD}.MinSizeRel|x64.Build.0 = Debug|Any CPU
		{704783F0-0348-4F91-945E-AC9CF03DAEFD}.Release|Any CPU.ActiveCfg = Release|Any CPU
		{704783F0-0348-4F91-945E-AC9CF03DAEFD}.Release|Any CPU.Build.0 = Release|Any CPU
		{704783F0-0348-4F91-945E-AC9CF03DAEFD}.Release|x64.ActiveCfg = Release|Any CPU
		{704783F0-0348-4F91-945E-AC9CF03DAEFD}.Release|x64.Build.0 = Release|Any CPU
		{704783F0-0348-4F91-945E-AC9CF03DAEFD}.RelWithDebInfo|Any CPU.ActiveCfg = Release|Any CPU
		{704783F0-0348-4F91-945E-AC9CF03DAEFD}.RelWithDebInfo|Any CPU.Build.0 = Release|Any CPU
		{704783F0-0348-4F91-945E-AC9CF03DAEFD}.RelWithDebInfo|x64.ActiveCfg = Release|Any CPU
		{704783F0-0348-4F91-945E-AC9CF03DAEFD}.RelWithDebInfo|x64.Build.0 = Release|Any CPU
		{949C0A63-0FA8-426D-AEF5-16B8A5E843C3}.Debug|Any CPU.ActiveCfg = Debug|Any CPU
		{949C0A63-0FA8-426D-AEF5-16B8A5E843C3}.Debug|Any CPU.Build.0 = Debug|Any CPU
		{949C0A63-0FA8-426D-AEF5-16B8A5E843C3}.Debug|x64.ActiveCfg = Debug|Any CPU
		{949C0A63-0FA8-426D-AEF5-16B8A5E843C3}.Debug|x64.Build.0 = Debug|Any CPU
		{949C0A63-0FA8-426D-AEF5-16B8A5E843C3}.MinSizeRel|Any CPU.ActiveCfg = Release|Any CPU
		{949C0A63-0FA8-426D-AEF5-16B8A5E843C3}.MinSizeRel|Any CPU.Build.0 = Release|Any CPU
		{949C0A63-0FA8-426D-AEF5-16B8A5E843C3}.MinSizeRel|x64.ActiveCfg = Debug|Any CPU
		{949C0A63-0FA8-426D-AEF5-16B8A5E843C3}.MinSizeRel|x64.Build.0 = Debug|Any CPU
		{949C0A63-0FA8-426D-AEF5-16B8A5E843C3}.Release|Any CPU.ActiveCfg = Release|Any CPU
		{949C0A63-0FA8-426D-AEF5-16B8A5E843C3}.Release|Any CPU.Build.0 = Release|Any CPU
		{949C0A63-0FA8-426D-AEF5-16B8A5E843C3}.Release|x64.ActiveCfg = Release|Any CPU
		{949C0A63-0FA8-426D-AEF5-16B8A5E843C3}.Release|x64.Build.0 = Release|Any CPU
		{949C0A63-0FA8-426D-AEF5-16B8A5E843C3}.RelWithDebInfo|Any CPU.ActiveCfg = Release|Any CPU
		{949C0A63-0FA8-426D-AEF5-16B8A5E843C3}.RelWithDebInfo|Any CPU.Build.0 = Release|Any CPU
		{949C0A63-0FA8-426D-AEF5-16B8A5E843C3}.RelWithDebInfo|x64.ActiveCfg = Release|Any CPU
		{949C0A63-0FA8-426D-AEF5-16B8A5E843C3}.RelWithDebInfo|x64.Build.0 = Release|Any CPU
	EndGlobalSection
	GlobalSection(SolutionProperties) = preSolution
		HideSolutionNode = FALSE
	EndGlobalSection
	GlobalSection(ExtensibilityGlobals) = postSolution
		SolutionGuid = {BDDD9C6E-120B-4A46-847C-CB71F356A017}
	EndGlobalSection
EndGlobal
